<?xml version="1.0" encoding="utf-8"?>
<Project ToolsVersion="4.0" xmlns="http://schemas.microsoft.com/developer/msbuild/2003">
  <ItemGroup>
    <Filter Include="Source">
      <UniqueIdentifier>{11a14584-d5b8-436f-b4b1-397b8156714a}</UniqueIdentifier>
    </Filter>
  </ItemGroup>
  <ItemGroup>
    <ClCompile Include="src\Main.cpp">
      <Filter>Source</Filter>
    </ClCompile>
    <ClCompile Include="src\Game.cpp">
      <Filter>Source</Filter>
    </ClCompile>
    <ClCompile Include="src\Bird.cpp">
      <Filter>Source</Filter>
    </ClCompile>
    <ClCompile Include="Obstacle.cpp">
      <Filter>Source</Filter>
    </ClCompile>
  </ItemGroup>
  <ItemGroup>
    <ClInclude Include="src\Game.h">
      <Filter>Source</Filter>
    </ClInclude>
    <ClInclude Include="src\WindowSize.h">
      <Filter>Source</Filter>
    </ClInclude>
    <ClInclude Include="src\Bird.h">
      <Filter>Source</Filter>
    </ClInclude>
    <ClInclude Include="Obstacle.h">
      <Filter>Source</Filter>
    </ClInclude>
  </ItemGroup>
</Project>